
Microsoft Visual Studio Solution File, Format Version 12.00
# Visual Studio 2013
VisualStudioVersion = 12.0.30723.0
MinimumVisualStudioVersion = 10.0.40219.1
Project("{FAE04EC0-301F-11D3-BF4B-00C04F79EFBC}") = "ExceptionTesting", "ExceptionTesting\ExceptionTesting.csproj", "{53898FB9-B1C6-42C9-BFB9-FC7D82F099E0}"
EndProject
Project("{FAE04EC0-301F-11D3-BF4B-00C04F79EFBC}") = "ExceptionTesting.Tests", "ExceptionTesting.Tests\ExceptionTesting.Tests.csproj", "{BE0CA625-6EA3-4E09-AC89-788CE2067E86}"
EndProject
Global
	GlobalSection(SolutionConfigurationPlatforms) = preSolution
		Debug|Any CPU = Debug|Any CPU
		Release|Any CPU = Release|Any CPU
	EndGlobalSection
	GlobalSection(ProjectConfigurationPlatforms) = postSolution
		{53898FB9-B1C6-42C9-BFB9-FC7D82F099E0}.Debug|Any CPU.ActiveCfg = Debug|Any CPU
		{53898FB9-B1C6-42C9-BFB9-FC7D82F099E0}.Debug|Any CPU.Build.0 = Debug|Any CPU
		{53898FB9-B1C6-42C9-BFB9-FC7D82F099E0}.Release|Any CPU.ActiveCfg = Release|Any CPU
		{53898FB9-B1C6-42C9-BFB9-FC7D82F099E0}.Release|Any CPU.Build.0 = Release|Any CPU
		{BE0CA625-6EA3-4E09-AC89-788CE2067E86}.Debug|Any CPU.ActiveCfg = Debug|Any CPU
		{BE0CA625-6EA3-4E09-AC89-788CE2067E86}.Debug|Any CPU.Build.0 = Debug|Any CPU
		{BE0CA625-6EA3-4E09-AC89-788CE2067E86}.Release|Any CPU.ActiveCfg = Release|Any CPU
		{BE0CA625-6EA3-4E09-AC89-788CE2067E86}.Release|Any CPU.Build.0 = Release|Any CPU
	EndGlobalSection
	GlobalSection(SolutionProperties) = preSolution
		HideSolutionNode = FALSE
	EndGlobalSection
EndGlobal
